// !$*UTF8*$!
{
	archiveVersion = 1;
	classes = {
	};
	objectVersion = 48;
	objects = {

/* Begin PBXBuildFile section */
		DC1D06B12001E2B1008B1000 /* AppDelegate.swift in Sources */ = {isa = PBXBuildFile; fileRef = DC1D06B02001E2B1008B1000 /* AppDelegate.swift */; };
		DC1D06B32001E2B1008B1000 /* ViewController.swift in Sources */ = {isa = PBXBuildFile; fileRef = DC1D06B22001E2B1008B1000 /* ViewController.swift */; };
		DC1D06B62001E2B1008B1000 /* Main.storyboard in Resources */ = {isa = PBXBuildFile; fileRef = DC1D06B42001E2B1008B1000 /* Main.storyboard */; };
		DC1D06B82001E2B1008B1000 /* Assets.xcassets in Resources */ = {isa = PBXBuildFile; fileRef = DC1D06B72001E2B1008B1000 /* Assets.xcassets */; };
		DC1D06BB2001E2B1008B1000 /* LaunchScreen.storyboard in Resources */ = {isa = PBXBuildFile; fileRef = DC1D06B92001E2B1008B1000 /* LaunchScreen.storyboard */; };
		DC1D070A2001F89F008B1000 /* ColorHex.framework in Frameworks */ = {isa = PBXBuildFile; fileRef = DC1D07092001F89F008B1000 /* ColorHex.framework */; };
		DC1D070B2001F89F008B1000 /* ColorHex.framework in Embed Frameworks */ = {isa = PBXBuildFile; fileRef = DC1D07092001F89F008B1000 /* ColorHex.framework */; settings = {ATTRIBUTES = (CodeSignOnCopy, RemoveHeadersOnCopy, ); }; };
		DC1D072C2001FFE7008B1000 /* README.md in Resources */ = {isa = PBXBuildFile; fileRef = DC1D072B2001FFE7008B1000 /* README.md */; };
/* End PBXBuildFile section */

/* Begin PBXCopyFilesBuildPhase section */
		DC1D07082001F86C008B1000 /* Embed Frameworks */ = {
			isa = PBXCopyFilesBuildPhase;
			buildActionMask = 2147483647;
			dstPath = "";
			dstSubfolderSpec = 10;
			files = (
				DC1D070B2001F89F008B1000 /* ColorHex.framework in Embed Frameworks */,
			);
			name = "Embed Frameworks";
			runOnlyForDeploymentPostprocessing = 0;
		};
/* End PBXCopyFilesBuildPhase section */

/* Begin PBXFileReference section */
		DC1D06AD2001E2B1008B1000 /* ColorHexDemo.app */ = {isa = PBXFileReference; explicitFileType = wrapper.application; includeInIndex = 0; path = ColorHexDemo.app; sourceTree = BUILT_PRODUCTS_DIR; };
		DC1D06B02001E2B1008B1000 /* AppDelegate.swift */ = {isa = PBXFileReference; lastKnownFileType = sourcecode.swift; path = AppDelegate.swift; sourceTree = "<group>"; };
		DC1D06B22001E2B1008B1000 /* ViewController.swift */ = {isa = PBXFileReference; lastKnownFileType = sourcecode.swift; path = ViewController.swift; sourceTree = "<group>"; };
		DC1D06B52001E2B1008B1000 /* Base */ = {isa = PBXFileReference; lastKnownFileType = file.storyboard; name = Base; path = Base.lproj/Main.storyboard; sourceTree = "<group>"; };
		DC1D06B72001E2B1008B1000 /* Assets.xcassets */ = {isa = PBXFileReference; lastKnownFileType = folder.assetcatalog; path = Assets.xcassets; sourceTree = "<group>"; };
		DC1D06BA2001E2B1008B1000 /* Base */ = {isa = PBXFileReference; lastKnownFileType = file.storyboard; name = Base; path = Base.lproj/LaunchScreen.storyboard; sourceTree = "<group>"; };
		DC1D06BC2001E2B1008B1000 /* Info.plist */ = {isa = PBXFileReference; lastKnownFileType = text.plist.xml; path = Info.plist; sourceTree = "<group>"; };
		DC1D07092001F89F008B1000 /* ColorHex.framework */ = {isa = PBXFileReference; explicitFileType = wrapper.framework; path = ColorHex.framework; sourceTree = BUILT_PRODUCTS_DIR; };
		DC1D072B2001FFE7008B1000 /* README.md */ = {isa = PBXFileReference; fileEncoding = 4; lastKnownFileType = net.daringfireball.markdown; path = README.md; sourceTree = "<group>"; };
/* End PBXFileReference section */

/* Begin PBXFrameworksBuildPhase section */
		DC1D06AA2001E2B1008B1000 /* Frameworks */ = {
			isa = PBXFrameworksBuildPhase;
			buildActionMask = 2147483647;
			files = (
				DC1D070A2001F89F008B1000 /* ColorHex.framework in Frameworks */,
			);
			runOnlyForDeploymentPostprocessing = 0;
		};
/* End PBXFrameworksBuildPhase section */

/* Begin PBXGroup section */
		DC1D06A42001E2B1008B1000 = {
			isa = PBXGroup;
			children = (
				DC1D07092001F89F008B1000 /* ColorHex.framework */,
				DC1D072B2001FFE7008B1000 /* README.md */,
				DC1D06AF2001E2B1008B1000 /* ColorHexDemo */,
				DC1D06AE2001E2B1008B1000 /* Products */,
			);
			sourceTree = "<group>";
		};
		DC1D06AE2001E2B1008B1000 /* Products */ = {
			isa = PBXGroup;
			children = (
				DC1D06AD2001E2B1008B1000 /* ColorHexDemo.app */,
			);
			name = Products;
			sourceTree = "<group>";
		};
		DC1D06AF2001E2B1008B1000 /* ColorHexDemo */ = {
			isa = PBXGroup;
			children = (
				DC1D06B02001E2B1008B1000 /* AppDelegate.swift */,
				DC1D06B22001E2B1008B1000 /* ViewController.swift */,
				DC1D06B42001E2B1008B1000 /* Main.storyboard */,
				DC1D06B72001E2B1008B1000 /* Assets.xcassets */,
				DC1D06B92001E2B1008B1000 /* LaunchScreen.storyboard */,
				DC1D06BC2001E2B1008B1000 /* Info.plist */,
			);
			path = ColorHexDemo;
			sourceTree = "<group>";
		};
/* End PBXGroup section */

/* Begin PBXNativeTarget section */
		DC1D06AC2001E2B1008B1000 /* ColorHexDemo */ = {
			isa = PBXNativeTarget;
			buildConfigurationList = DC1D06BF2001E2B1008B1000 /* Build configuration list for PBXNativeTarget "ColorHexDemo" */;
			buildPhases = (
				DC1D06A92001E2B1008B1000 /* Sources */,
				DC1D06AA2001E2B1008B1000 /* Frameworks */,
				DC1D06AB2001E2B1008B1000 /* Resources */,
				DC1D07082001F86C008B1000 /* Embed Frameworks */,
			);
			buildRules = (
			);
			dependencies = (
			);
			name = ColorHexDemo;
			productName = ColorHexDemo;
			productReference = DC1D06AD2001E2B1008B1000 /* ColorHexDemo.app */;
			productType = "com.apple.product-type.application";
		};
/* End PBXNativeTarget section */

/* Begin PBXProject section */
		DC1D06A52001E2B1008B1000 /* Project object */ = {
			isa = PBXProject;
			attributes = {
				LastSwiftUpdateCheck = 0920;
				LastUpgradeCheck = 0920;
				ORGANIZATIONNAME = nakajijapan;
				TargetAttributes = {
					DC1D06AC2001E2B1008B1000 = {
						CreatedOnToolsVersion = 9.2;
						ProvisioningStyle = Automatic;
					};
				};
			};
			buildConfigurationList = DC1D06A82001E2B1008B1000 /* Build configuration list for PBXProject "ColorHexDemo" */;
			compatibilityVersion = "Xcode 8.0";
			developmentRegion = en;
			hasScannedForEncodings = 0;
			knownRegions = (
				en,
				Base,
			);
			mainGroup = DC1D06A42001E2B1008B1000;
			productRefGroup = DC1D06AE2001E2B1008B1000 /* Products */;
			projectDirPath = "";
			projectRoot = "";
			targets = (
				DC1D06AC2001E2B1008B1000 /* ColorHexDemo */,
			);
		};
/* End PBXProject section */

/* Begin PBXResourcesBuildPhase section */
		DC1D06AB2001E2B1008B1000 /* Resources */ = {
			isa = PBXResourcesBuildPhase;
			buildActionMask = 2147483647;
			files = (
				DC1D06BB2001E2B1008B1000 /* LaunchScreen.storyboard in Resources */,
				DC1D06B82001E2B1008B1000 /* Assets.xcassets in Resources */,
				DC1D072C2001FFE7008B1000 /* README.md in Resources */,
				DC1D06B62001E2B1008B1000 /* Main.storyboard in Resources */,
			);
			runOnlyForDeploymentPostprocessing = 0;
		};
/* End PBXResourcesBuildPhase section */

/* Begin PBXSourcesBuildPhase section */
		DC1D06A92001E2B1008B1000 /* Sources */ = {
			isa = PBXSourcesBuildPhase;
			buildActionMask = 2147483647;
			files = (
				DC1D06B32001E2B1008B1000 /* ViewController.swift in Sources */,
				DC1D06B12001E2B1008B1000 /* AppDelegate.swift in Sources */,
			);
			runOnlyForDeploymentPostprocessing = 0;
		};
/* End PBXSourcesBuildPhase section */

/* Begin PBXVariantGroup section */
		DC1D06B42001E2B1008B1000 /* Main.storyboard */ = {
			isa = PBXVariantGroup;
			children = (
				DC1D06B52001E2B1008B1000 /* Base */,
			);
			name = Main.storyboard;
			sourceTree = "<group>";
		};
		DC1D06B92001E2B1008B1000 /* LaunchScreen.storyboard */ = {
			isa = PBXVariantGroup;
			children = (
				DC1D06BA2001E2B1008B1000 /* Base */,
			);
			name = LaunchScreen.storyboard;
			sourceTree = "<group>";
		};
/* End PBXVariantGroup section */

/* Begin XCBuildConfiguration section */
		DC1D06BD2001E2B1008B1000 /* Debug */ = {
			isa = XCBuildConfiguration;
			buildSettings = {
				ALWAYS_SEARCH_USER_PATHS = NO;
				CLANG_ANALYZER_NONNULL = YES;
				CLANG_ANALYZER_NUMBER_OBJECT_CONVERSION = YES_AGGRESSIVE;
				CLANG_CXX_LANGUAGE_STANDARD = "gnu++14";
				CLANG_CXX_LIBRARY = "libc++";
				CLANG_ENABLE_MODULES = YES;
				CLANG_ENABLE_OBJC_ARC = YES;
				CLANG_WARN_BLOCK_CAPTURE_AUTORELEASING = YES;
				CLANG_WARN_BOOL_CONVERSION = YES;
				CLANG_WARN_COMMA = YES;
				CLANG_WARN_CONSTANT_CONVERSION = YES;
				CLANG_WARN_DIRECT_OBJC_ISA_USAGE = YES_ERROR;
				CLANG_WARN_DOCUMENTATION_COMMENTS = YES;
				CLANG_WARN_EMPTY_BODY = YES;
				CLANG_WARN_ENUM_CONVERSION = YES;
				CLANG_WARN_INFINITE_RECURSION = YES;
				CLANG_WARN_INT_CONVERSION = YES;
				CLANG_WARN_NON_LITERAL_NULL_CONVERSION = YES;
				CLANG_WARN_OBJC_LITERAL_CONVERSION = YES;
				CLANG_WARN_OBJC_ROOT_CLASS = YES_ERROR;
				CLANG_WARN_RANGE_LOOP_ANALYSIS = YES;
				CLANG_WARN_STRICT_PROTOTYPES = YES;
				CLANG_WARN_SUSPICIOUS_MOVE = YES;
				CLANG_WARN_UNGUARDED_AVAILABILITY = YES_AGGRESSIVE;
				CLANG_WARN_UNREACHABLE_CODE = YES;
				CLANG_WARN__DUPLICATE_METHOD_MATCH = YES;
				CODE_SIGN_IDENTITY = "iPhone Developer";
				COPY_PHASE_STRIP = NO;
				DEBUG_INFORMATION_FORMAT = dwarf;
				ENABLE_STRICT_OBJC_MSGSEND = YES;
				ENABLE_TESTABILITY = YES;
				GCC_C_LANGUAGE_STANDARD = gnu11;
				GCC_DYNAMIC_NO_PIC = NO;
				GCC_NO_COMMON_BLOCKS = YES;
				GCC_OPTIMIZATION_LEVEL = 0;
				GCC_PREPROCESSOR_DEFINITIONS = (
					"DEBUG=1",
					"$(inherited)",
				);
				GCC_WARN_64_TO_32_BIT_CONVERSION = YES;
				GCC_WARN_ABOUT_RETURN_TYPE = YES_ERROR;
				GCC_WARN_UNDECLARED_SELECTOR = YES;
				GCC_WARN_UNINITIALIZED_AUTOS = YES_AGGRESSIVE;
				GCC_WARN_UNUSED_FUNCTION = YES;
				GCC_WARN_UNUSED_VARIABLE = YES;
				IPHONEOS_DEPLOYMENT_TARGET = 11.2;
				MTL_ENABLE_DEBUG_INFO = YES;
				ONLY_ACTIVE_ARCH = YES;
				SDKROOT = iphoneos;
				SWIFT_ACTIVE_COMPILATION_CONDITIONS = DEBUG;
				SWIFT_OPTIMIZATION_LEVEL = "-Onone";
			};
			name = Debug;
		};
		DC1D06BE2001E2B1008B1000 /* Release */ = {
			isa = XCBuildConfiguration;
			buildSettings = {
				ALWAYS_SEARCH_USER_PATHS = NO;
				CLANG_ANALYZER_NONNULL = YES;
				CLANG_ANALYZER_NUMBER_OBJECT_CONVERSION = YES_AGGRESSIVE;
				CLANG_CXX_LANGUAGE_STANDARD = "gnu++14";
				CLANG_CXX_LIBRARY = "libc++";
				CLANG_ENABLE_MODULES = YES;
				CLANG_ENABLE_OBJC_ARC = YES;
				CLANG_WARN_BLOCK_CAPTURE_AUTORELEASING = YES;
				CLANG_WARN_BOOL_CONVERSION = YES;
				CLANG_WARN_COMMA = YES;
				CLANG_WARN_CONSTANT_CONVERSION = YES;
				CLANG_WARN_DIRECT_OBJC_ISA_USAGE = YES_ERROR;
				CLANG_WARN_DOCUMENTATION_COMMENTS = YES;
				CLANG_WARN_EMPTY_BODY = YES;
				CLANG_WARN_ENUM_CONVERSION = YES;
				CLANG_WARN_INFINITE_RECURSION = YES;
				CLANG_WARN_INT_CONVERSION = YES;
				CLANG_WARN_NON_LITERAL_NULL_CONVERSION = YES;
				CLANG_WARN_OBJC_LITERAL_CONVERSION = YES;
				CLANG_WARN_OBJC_ROOT_CLASS = YES_ERROR;
				CLANG_WARN_RANGE_LOOP_ANALYSIS = YES;
				CLANG_WARN_STRICT_PROTOTYPES = YES;
				CLANG_WARN_SUSPICIOUS_MOVE = YES;
				CLANG_WARN_UNGUARDED_AVAILABILITY = YES_AGGRESSIVE;
				CLANG_WARN_UNREACHABLE_CODE = YES;
				CLANG_WARN__DUPLICATE_METHOD_MATCH = YES;
				CODE_SIGN_IDENTITY = "iPhone Developer";
				COPY_PHASE_STRIP = NO;
				DEBUG_INFORMATION_FORMAT = "dwarf-with-dsym";
				ENABLE_NS_ASSERTIONS = NO;
				ENABLE_STRICT_OBJC_MSGSEND = YES;
				GCC_C_LANGUAGE_STANDARD = gnu11;
				GCC_NO_COMMON_BLOCKS = YES;
				GCC_WARN_64_TO_32_BIT_CONVERSION = YES;
				GCC_WARN_ABOUT_RETURN_TYPE = YES_ERROR;
				GCC_WARN_UNDECLARED_SELECTOR = YES;
				GCC_WARN_UNINITIALIZED_AUTOS = YES_AGGRESSIVE;
				GCC_WARN_UNUSED_FUNCTION = YES;
				GCC_WARN_UNUSED_VARIABLE = YES;
				IPHONEOS_DEPLOYMENT_TARGET = 11.2;
				MTL_ENABLE_DEBUG_INFO = NO;
				SDKROOT = iphoneos;
				SWIFT_OPTIMIZATION_LEVEL = "-Owholemodule";
				VALIDATE_PRODUCT = YES;
			};
			name = Release;
		};
		DC1D06C02001E2B1008B1000 /* Debug */ = {
			isa = XCBuildConfiguration;
			buildSettings = {
				ASSETCATALOG_COMPILER_APPICON_NAME = AppIcon;
				CODE_SIGN_STYLE = Automatic;
				INFOPLIST_FILE = ColorHexDemo/Info.plist;
				LD_RUNPATH_SEARCH_PATHS = "$(inherited) @executable_path/Frameworks";
				PRODUCT_BUNDLE_IDENTIFIER = net.nakajijapan.ColorHexDemo;
				PRODUCT_NAME = "$(TARGET_NAME)";
				SWIFT_VERSION = 4.0;
				TARGETED_DEVICE_FAMILY = "1,2";
			};
			name = Debug;
		};
		DC1D06C12001E2B1008B1000 /* Release */ = {
			isa = XCBuildConfiguration;
			buildSettings = {
				ASSETCATALOG_COMPILER_APPICON_NAME = AppIcon;
				CODE_SIGN_STYLE = Automatic;
				INFOPLIST_FILE = ColorHexDemo/Info.plist;
				LD_RUNPATH_SEARCH_PATHS = "$(inherited) @executable_path/Frameworks";
				PRODUCT_BUNDLE_IDENTIFIER = net.nakajijapan.ColorHexDemo;
				PRODUCT_NAME = "$(TARGET_NAME)";
				SWIFT_VERSION = 4.0;
				TARGETED_DEVICE_FAMILY = "1,2";
			};
			name = Release;
		};
/* End XCBuildConfiguration section */

/* Begin XCConfigurationList section */
		DC1D06A82001E2B1008B1000 /* Build configuration list for PBXProject "ColorHexDemo" */ = {
			isa = XCConfigurationList;
			buildConfigurations = (
				DC1D06BD2001E2B1008B1000 /* Debug */,
				DC1D06BE2001E2B1008B1000 /* Release */,
			);
			defaultConfigurationIsVisible = 0;
			defaultConfigurationName = Release;
		};
		DC1D06BF2001E2B1008B1000 /* Build configuration list for PBXNativeTarget "ColorHexDemo" */ = {
			isa = XCConfigurationList;
			buildConfigurations = (
				DC1D06C02001E2B1008B1000 /* Debug */,
				DC1D06C12001E2B1008B1000 /* Release */,
			);
			defaultConfigurationIsVisible = 0;
			defaultConfigurationName = Release;
		};
/* End XCConfigurationList section */
	};
	rootObject = DC1D06A52001E2B1008B1000 /* Project object */;
}
